
Microsoft Visual Studio Solution File, Format Version 12.00
# Visual Studio 15
VisualStudioVersion = 15.0.26730.3
MinimumVisualStudioVersion = 10.0.40219.1
Project("{FAE04EC0-301F-11D3-BF4B-00C04F79EFBC}") = "DAL", "DAL\DAL.csproj", "{978B6A62-31EC-4512-9288-12A475C8EF2B}"
EndProject
Project("{FAE04EC0-301F-11D3-BF4B-00C04F79EFBC}") = "Domain", "Domain\Domain.csproj", "{BAD44817-B9A0-45AD-830B-03BB19D900DC}"
EndProject
Project("{FAE04EC0-301F-11D3-BF4B-00C04F79EFBC}") = "FeedAppWebAPI", "FeedAppWebAPI\FeedAppWebAPI.csproj", "{1CF29D71-3104-4082-8A84-174E7FB15160}"
EndProject
Project("{FAE04EC0-301F-11D3-BF4B-00C04F79EFBC}") = "FeedAppClient", "FeedAppClient\FeedAppClient.csproj", "{42C2F924-7705-41D2-868A-0F2960D4203D}"
EndProject
Global
	GlobalSection(SolutionConfigurationPlatforms) = preSolution
		Debug|Any CPU = Debug|Any CPU
		Release|Any CPU = Release|Any CPU
	EndGlobalSection
	GlobalSection(ProjectConfigurationPlatforms) = postSolution
		{978B6A62-31EC-4512-9288-12A475C8EF2B}.Debug|Any CPU.ActiveCfg = Debug|Any CPU
		{978B6A62-31EC-4512-9288-12A475C8EF2B}.Debug|Any CPU.Build.0 = Debug|Any CPU
		{978B6A62-31EC-4512-9288-12A475C8EF2B}.Release|Any CPU.ActiveCfg = Release|Any CPU
		{978B6A62-31EC-4512-9288-12A475C8EF2B}.Release|Any CPU.Build.0 = Release|Any CPU
		{BAD44817-B9A0-45AD-830B-03BB19D900DC}.Debug|Any CPU.ActiveCfg = Debug|Any CPU
		{BAD44817-B9A0-45AD-830B-03BB19D900DC}.Debug|Any CPU.Build.0 = Debug|Any CPU
		{BAD44817-B9A0-45AD-830B-03BB19D900DC}.Release|Any CPU.ActiveCfg = Release|Any CPU
		{BAD44817-B9A0-45AD-830B-03BB19D900DC}.Release|Any CPU.Build.0 = Release|Any CPU
		{1CF29D71-3104-4082-8A84-174E7FB15160}.Debug|Any CPU.ActiveCfg = Debug|Any CPU
		{1CF29D71-3104-4082-8A84-174E7FB15160}.Debug|Any CPU.Build.0 = Debug|Any CPU
		{1CF29D71-3104-4082-8A84-174E7FB15160}.Release|Any CPU.ActiveCfg = Release|Any CPU
		{1CF29D71-3104-4082-8A84-174E7FB15160}.Release|Any CPU.Build.0 = Release|Any CPU
		{42C2F924-7705-41D2-868A-0F2960D4203D}.Debug|Any CPU.ActiveCfg = Debug|Any CPU
		{42C2F924-7705-41D2-868A-0F2960D4203D}.Debug|Any CPU.Build.0 = Debug|Any CPU
		{42C2F924-7705-41D2-868A-0F2960D4203D}.Release|Any CPU.ActiveCfg = Release|Any CPU
		{42C2F924-7705-41D2-868A-0F2960D4203D}.Release|Any CPU.Build.0 = Release|Any CPU
	EndGlobalSection
	GlobalSection(SolutionProperties) = preSolution
		HideSolutionNode = FALSE
	EndGlobalSection
	GlobalSection(ExtensibilityGlobals) = postSolution
		SolutionGuid = {0D5FB5D6-C850-4835-943B-DDAEE8A01D0B}
	EndGlobalSection
EndGlobal
